
Microsoft Visual Studio Solution File, Format Version 12.00
# Visual Studio Version 16
VisualStudioVersion = 16.0.29709.97
MinimumVisualStudioVersion = 10.0.40219.1
Project("{FAE04EC0-301F-11D3-BF4B-00C04F79EFBC}") = "Vue", "Vue\Vue.csproj", "{9391F337-EAE7-455C-A558-D22B64393D57}"
EndProject
Project("{FAE04EC0-301F-11D3-BF4B-00C04F79EFBC}") = "DAL", "DAL\DAL.csproj", "{7A8E52BB-69DF-4558-9B51-0135F8926940}"
EndProject
Project("{FAE04EC0-301F-11D3-BF4B-00C04F79EFBC}") = "BLL", "BLL\BLL.csproj", "{9C9DAB0C-2C8C-4F0E-A674-06343380ED13}"
EndProject
Project("{FAE04EC0-301F-11D3-BF4B-00C04F79EFBC}") = "Model", "Model\Model.csproj", "{2609A686-16C6-4E13-A5E7-893102553634}"
EndProject
Project("{FAE04EC0-301F-11D3-BF4B-00C04F79EFBC}") = "DAL.UnitTests", "DAL.UnitTests\DAL.UnitTests.csproj", "{6E2274F7-C63E-405E-B0A0-DD2BDE8833B3}"
EndProject
Global
	GlobalSection(SolutionConfigurationPlatforms) = preSolution
		Debug|Any CPU = Debug|Any CPU
		Release|Any CPU = Release|Any CPU
	EndGlobalSection
	GlobalSection(ProjectConfigurationPlatforms) = postSolution
		{9391F337-EAE7-455C-A558-D22B64393D57}.Debug|Any CPU.ActiveCfg = Debug|Any CPU
		{9391F337-EAE7-455C-A558-D22B64393D57}.Debug|Any CPU.Build.0 = Debug|Any CPU
		{9391F337-EAE7-455C-A558-D22B64393D57}.Release|Any CPU.ActiveCfg = Release|Any CPU
		{9391F337-EAE7-455C-A558-D22B64393D57}.Release|Any CPU.Build.0 = Release|Any CPU
		{7A8E52BB-69DF-4558-9B51-0135F8926940}.Debug|Any CPU.ActiveCfg = Debug|Any CPU
		{7A8E52BB-69DF-4558-9B51-0135F8926940}.Debug|Any CPU.Build.0 = Debug|Any CPU
		{7A8E52BB-69DF-4558-9B51-0135F8926940}.Release|Any CPU.ActiveCfg = Release|Any CPU
		{7A8E52BB-69DF-4558-9B51-0135F8926940}.Release|Any CPU.Build.0 = Release|Any CPU
		{9C9DAB0C-2C8C-4F0E-A674-06343380ED13}.Debug|Any CPU.ActiveCfg = Debug|Any CPU
		{9C9DAB0C-2C8C-4F0E-A674-06343380ED13}.Debug|Any CPU.Build.0 = Debug|Any CPU
		{9C9DAB0C-2C8C-4F0E-A674-06343380ED13}.Release|Any CPU.ActiveCfg = Release|Any CPU
		{9C9DAB0C-2C8C-4F0E-A674-06343380ED13}.Release|Any CPU.Build.0 = Release|Any CPU
		{2609A686-16C6-4E13-A5E7-893102553634}.Debug|Any CPU.ActiveCfg = Debug|Any CPU
		{2609A686-16C6-4E13-A5E7-893102553634}.Debug|Any CPU.Build.0 = Debug|Any CPU
		{2609A686-16C6-4E13-A5E7-893102553634}.Release|Any CPU.ActiveCfg = Release|Any CPU
		{2609A686-16C6-4E13-A5E7-893102553634}.Release|Any CPU.Build.0 = Release|Any CPU
		{6E2274F7-C63E-405E-B0A0-DD2BDE8833B3}.Debug|Any CPU.ActiveCfg = Debug|Any CPU
		{6E2274F7-C63E-405E-B0A0-DD2BDE8833B3}.Debug|Any CPU.Build.0 = Debug|Any CPU
		{6E2274F7-C63E-405E-B0A0-DD2BDE8833B3}.Release|Any CPU.ActiveCfg = Release|Any CPU
		{6E2274F7-C63E-405E-B0A0-DD2BDE8833B3}.Release|Any CPU.Build.0 = Release|Any CPU
	EndGlobalSection
	GlobalSection(SolutionProperties) = preSolution
		HideSolutionNode = FALSE
	EndGlobalSection
	GlobalSection(ExtensibilityGlobals) = postSolution
		SolutionGuid = {A02DE3CB-BB1C-4778-8A82-C63D09261DAF}
	EndGlobalSection
EndGlobal
